#MicroXplorer Configuration settings - do not modify
Dma.Request0=USART3_RX
Dma.RequestsNb=1
Dma.USART3_RX.0.Direction=DMA_PERIPH_TO_MEMORY
Dma.USART3_RX.0.Instance=DMA1_Channel3
Dma.USART3_RX.0.MemDataAlignment=DMA_MDATAALIGN_BYTE
Dma.USART3_RX.0.MemInc=DMA_MINC_ENABLE
Dma.USART3_RX.0.Mode=DMA_NORMAL
Dma.USART3_RX.0.PeriphDataAlignment=DMA_PDATAALIGN_BYTE
Dma.USART3_RX.0.PeriphInc=DMA_PINC_DISABLE
Dma.USART3_RX.0.Priority=DMA_PRIORITY_LOW
Dma.USART3_RX.0.RequestParameters=Instance,Direction,PeriphInc,MemInc,PeriphDataAlignment,MemDataAlignment,Mode,Priority
File.Version=6
GPIO.groupedBy=Group By Peripherals
KeepUserPlacement=false
Mcu.CPN=STM32L151QEH6
Mcu.Family=STM32L1
Mcu.IP0=DMA
Mcu.IP1=I2C1
Mcu.IP2=NVIC
Mcu.IP3=RCC
Mcu.IP4=RTC
Mcu.IP5=SPI1
Mcu.IP6=SYS
Mcu.IP7=UART4
Mcu.IP8=UART5
Mcu.IP9=USART3
Mcu.IPNb=10
Mcu.Name=STM32L151QEHx
Mcu.Package=UFBGA132
Mcu.Pin0=PE3
Mcu.Pin1=PE1
Mcu.Pin10=PE4
Mcu.Pin11=PB9
Mcu.Pin12=PB7
Mcu.Pin13=PB6
Mcu.Pin14=PC12
Mcu.Pin15=PC10
Mcu.Pin16=PA11
Mcu.Pin17=PE5
Mcu.Pin18=PE0
Mcu.Pin19=PB5
Mcu.Pin2=PB8
Mcu.Pin20=PD2
Mcu.Pin21=PC11
Mcu.Pin22=PA10
Mcu.Pin23=PC14-OSC32_IN
Mcu.Pin24=PE6-WKUP3
Mcu.Pin25=PA8
Mcu.Pin26=PC9
Mcu.Pin27=PC15-OSC32_OUT
Mcu.Pin28=PC6
Mcu.Pin29=PH0-OSC_IN
Mcu.Pin3=PD7
Mcu.Pin30=PH1-OSC_OUT
Mcu.Pin31=PD14
Mcu.Pin32=PD13
Mcu.Pin33=PC1
Mcu.Pin34=PC2
Mcu.Pin35=PD12
Mcu.Pin36=PD11
Mcu.Pin37=PD10
Mcu.Pin38=PD9
Mcu.Pin39=PD8
Mcu.Pin4=PB4
Mcu.Pin40=PC5
Mcu.Pin41=PB1
Mcu.Pin42=PE11
Mcu.Pin43=VP_RTC_VS_RTC_Activate
Mcu.Pin44=VP_RTC_VS_RTC_WakeUp_intern
Mcu.Pin45=VP_SYS_VS_Systick
Mcu.Pin5=PB3
Mcu.Pin6=PA15
Mcu.Pin7=PA14
Mcu.Pin8=PA13
Mcu.Pin9=PA12
Mcu.PinsNb=46
Mcu.ThirdPartyNb=0
Mcu.UserConstants=
Mcu.UserName=STM32L151QEHx
MxCube.Version=6.6.1
MxDb.Version=DB.6.0.60
NVIC.BusFault_IRQn=true\:0\:0\:false\:false\:true\:false\:false\:false
NVIC.DMA1_Channel3_IRQn=true\:0\:0\:false\:false\:true\:false\:true\:true
NVIC.DebugMonitor_IRQn=true\:0\:0\:false\:false\:true\:false\:false\:false
NVIC.ForceEnableDMAVector=true
NVIC.HardFault_IRQn=true\:0\:0\:false\:false\:true\:false\:false\:false
NVIC.MemoryManagement_IRQn=true\:0\:0\:false\:false\:true\:false\:false\:false
NVIC.NonMaskableInt_IRQn=true\:0\:0\:false\:false\:true\:false\:false\:false
NVIC.PendSV_IRQn=true\:0\:0\:false\:false\:true\:false\:false\:false
NVIC.PriorityGroup=NVIC_PRIORITYGROUP_4
NVIC.RTC_WKUP_IRQn=true\:0\:0\:false\:false\:true\:true\:true\:true
NVIC.SVC_IRQn=true\:0\:0\:false\:false\:true\:false\:false\:true
NVIC.SysTick_IRQn=true\:15\:0\:false\:false\:true\:false\:true\:false
NVIC.USART3_IRQn=true\:0\:0\:false\:false\:true\:true\:true\:true
NVIC.UsageFault_IRQn=true\:0\:0\:false\:false\:true\:false\:false\:false
PA10.GPIOParameters=GPIO_Label
PA10.GPIO_Label=CEL_NET_STATUS
PA10.Locked=true
PA10.Signal=GPIO_Input
PA11.GPIOParameters=GPIO_Label
PA11.GPIO_Label=CEL_MAIN-DTR
PA11.Locked=true
PA11.Signal=GPIO_Input
PA12.GPIOParameters=GPIO_PuPd,GPIO_Label
PA12.GPIO_Label=CEL_RST_N
PA12.GPIO_PuPd=GPIO_PULLUP
PA12.Locked=true
PA12.Signal=GPIO_Output
PA13.Mode=Serial_Wire
PA13.Signal=SYS_JTMS-SWDIO
PA14.Mode=Serial_Wire
PA14.Signal=SYS_JTCK-SWCLK
PA15.GPIOParameters=GPIO_Label
PA15.GPIO_Label=ACC_CS_N
PA15.Locked=true
PA15.Signal=GPIO_Output
PA8.GPIOParameters=GPIO_Label
PA8.GPIO_Label=CE_PON_TRG
PA8.Locked=true
PA8.Signal=GPIO_Input
PB1.GPIOParameters=GPIO_PuPd,GPIO_Label
PB1.GPIO_Label=TOF_P_EN
PB1.GPIO_PuPd=GPIO_PULLUP
PB1.Locked=true
PB1.Signal=GPIO_Output
PB3.Mode=Full_Duplex_Master
PB3.Signal=SPI1_SCK
PB4.Mode=Full_Duplex_Master
PB4.Signal=SPI1_MISO
PB5.Mode=Full_Duplex_Master
PB5.Signal=SPI1_MOSI
PB6.GPIOParameters=GPIO_Label
PB6.GPIO_Label=GNSS_TX
PB6.Locked=true
PB6.Signal=GPIO_Output
PB7.GPIOParameters=GPIO_Label
PB7.GPIO_Label=GNSS_RX
PB7.Locked=true
PB7.Signal=GPIO_Output
PB8.Mode=I2C
PB8.Signal=I2C1_SCL
PB9.Mode=I2C
PB9.Signal=I2C1_SDA
PC1.GPIOParameters=GPIO_Label
PC1.GPIO_Label=CEL_AP_RDY
PC1.Locked=true
PC1.Signal=GPIO_Input
PC10.Mode=Asynchronous
PC10.Signal=UART4_TX
PC11.Mode=Asynchronous
PC11.Signal=UART4_RX
PC12.Mode=Asynchronous
PC12.Signal=UART5_TX
PC14-OSC32_IN.Mode=LSE-External-Oscillator
PC14-OSC32_IN.Signal=RCC_OSC32_IN
PC15-OSC32_OUT.Mode=LSE-External-Oscillator
PC15-OSC32_OUT.Signal=RCC_OSC32_OUT
PC2.GPIOParameters=GPIO_Label
PC2.GPIO_Label=CEL_PWR_KEY
PC2.Locked=true
PC2.Signal=GPIO_Output
PC5.GPIOParameters=GPIO_Label
PC5.GPIO_Label=GNSS_PWR_EN
PC5.Locked=true
PC5.Signal=GPIO_Output
PC6.GPIOParameters=GPIO_Label
PC6.GPIO_Label=CEL_MAIN_RI
PC6.Locked=true
PC6.Signal=GPIO_Input
PC9.GPIOParameters=GPIO_Label
PC9.GPIO_Label=CEL_USB_BOOT
PC9.Locked=true
PC9.Signal=GPIO_Output
PD10.GPIOParameters=GPIO_Label
PD10.GPIO_Label=CEL_STATUS
PD10.Locked=true
PD10.Signal=GPIO_Input
PD11.Mode=CTS_RTS
PD11.Signal=USART3_CTS
PD12.Mode=CTS_RTS
PD12.Signal=USART3_RTS
PD13.GPIOParameters=GPIO_Label
PD13.GPIO_Label=CEL_PSM
PD13.Locked=true
PD13.Signal=GPIO_Input
PD14.GPIOParameters=GPIO_Label
PD14.GPIO_Label=CEL_MAIN_DCD
PD14.Locked=true
PD14.Signal=GPIO_Input
PD2.Mode=Asynchronous
PD2.Signal=UART5_RX
PD7.GPIOParameters=GPIO_Label
PD7.GPIO_Label=LED_RD
PD7.Locked=true
PD7.Signal=GPIO_Output
PD8.Mode=Asynchronous
PD8.Signal=USART3_TX
PD9.Mode=Asynchronous
PD9.Signal=USART3_RX
PE0.GPIOParameters=GPIO_Label
PE0.GPIO_Label=BLE_RST
PE0.Locked=true
PE0.Signal=GPIO_Output
PE1.GPIOParameters=GPIO_Label
PE1.GPIO_Label=TOF_INT
PE1.Locked=true
PE1.Signal=GPIO_Input
PE11.GPIOParameters=GPIO_Label
PE11.GPIO_Label=CEL_PWR_EN
PE11.Locked=true
PE11.Signal=GPIO_Output
PE3.GPIOParameters=GPIO_PuPd,GPIO_Label
PE3.GPIO_Label=TOF_SHUT_N
PE3.GPIO_PuPd=GPIO_PULLUP
PE3.Locked=true
PE3.Signal=GPIO_Output
PE4.GPIOParameters=GPIO_PuPd,GPIO_Label
PE4.GPIO_Label=ACL_INT2
PE4.GPIO_PuPd=GPIO_PULLUP
PE4.Locked=true
PE4.Signal=GPIO_Input
PE5.GPIOParameters=GPIO_Label
PE5.GPIO_Label=LED_GR
PE5.Locked=true
PE5.Signal=GPIO_Output
PE6-WKUP3.Mode=SYS_WakeUp2
PE6-WKUP3.Signal=SYS_WKUP3
PH0-OSC_IN.Mode=HSE-External-Oscillator
PH0-OSC_IN.Signal=RCC_OSC_IN
PH1-OSC_OUT.Mode=HSE-External-Oscillator
PH1-OSC_OUT.Signal=RCC_OSC_OUT
PinOutPanel.CurrentBGAView=Top
PinOutPanel.RotationAngle=0
ProjectManager.AskForMigrate=true
ProjectManager.BackupPrevious=true
ProjectManager.CompilerOptimize=6
ProjectManager.ComputerToolchain=false
ProjectManager.CoupleFile=true
ProjectManager.CustomerFirmwarePackage=
ProjectManager.DefaultFWLocation=true
ProjectManager.DeletePrevious=true
ProjectManager.DeviceId=STM32L151QEHx
ProjectManager.FirmwarePackage=STM32Cube FW_L1 V1.10.3
ProjectManager.FreePins=true
ProjectManager.HalAssertFull=false
ProjectManager.HeapSize=0x200
ProjectManager.KeepUserCode=true
ProjectManager.LastFirmware=true
ProjectManager.LibraryCopy=1
ProjectManager.MainLocation=Core/Src
ProjectManager.NoMain=false
ProjectManager.PreviousToolchain=
ProjectManager.ProjectBuild=false
ProjectManager.ProjectFileName=HT01_V1A2F001.ioc
ProjectManager.ProjectName=HT01_V1A2F001
ProjectManager.RegisterCallBack=
ProjectManager.StackSize=0x400
ProjectManager.TargetToolchain=STM32CubeIDE
ProjectManager.ToolChainLocation=
ProjectManager.UnderRoot=true
ProjectManager.functionlistsort=1-SystemClock_Config-RCC-false-HAL-false,2-MX_GPIO_Init-GPIO-false-HAL-true,3-MX_DMA_Init-DMA-false-HAL-true,4-MX_I2C1_Init-I2C1-false-HAL-true,5-MX_SPI1_Init-SPI1-false-HAL-true,6-MX_UART4_Init-UART4-false-HAL-true,7-MX_UART5_Init-UART5-false-HAL-true,8-MX_USART3_UART_Init-USART3-false-HAL-true,9-MX_RTC_Init-RTC-false-HAL-true
RCC.AHBFreq_Value=2097000
RCC.APB1Freq_Value=2097000
RCC.APB2Freq_Value=2097000
RCC.FamilyName=M
RCC.HSE_VALUE=24000000
RCC.HSI_VALUE=16000000
RCC.IPParameters=AHBFreq_Value,APB1Freq_Value,APB2Freq_Value,FamilyName,HSE_VALUE,HSI_VALUE,LSI_VALUE,MSI_VALUE,PLLCLKFreq_Value,RTCClockSelection,RTCFreq_Value,RTCHSEDivFreq_Value,SYSCLKFreq_VALUE,TIMFreq_Value,VCOOutputFreq_Value
RCC.LSI_VALUE=37000
RCC.MSI_VALUE=2097000
RCC.PLLCLKFreq_Value=24000000
RCC.RTCClockSelection=RCC_RTCCLKSOURCE_LSE
RCC.RTCFreq_Value=32768
RCC.RTCHSEDivFreq_Value=12000000
RCC.SYSCLKFreq_VALUE=2097000
RCC.TIMFreq_Value=2097000
RCC.VCOOutputFreq_Value=48000000
RTC.IPParameters=WakeUpCounter-WakeUp
RTC.WakeUpCounter-WakeUp=0xFFFF
SPI1.CalculateBaudRate=1.0485 MBits/s
SPI1.Direction=SPI_DIRECTION_2LINES
SPI1.IPParameters=VirtualType,Mode,Direction,CalculateBaudRate
SPI1.Mode=SPI_MODE_MASTER
SPI1.VirtualType=VM_MASTER
UART4.IPParameters=VirtualMode
UART4.VirtualMode=Asynchronous
UART5.IPParameters=VirtualMode
UART5.VirtualMode=Asynchronous
USART3.IPParameters=VirtualMode
USART3.VirtualMode=VM_ASYNC
VP_RTC_VS_RTC_Activate.Mode=RTC_Enabled
VP_RTC_VS_RTC_Activate.Signal=RTC_VS_RTC_Activate
VP_RTC_VS_RTC_WakeUp_intern.Mode=WakeUp
VP_RTC_VS_RTC_WakeUp_intern.Signal=RTC_VS_RTC_WakeUp_intern
VP_SYS_VS_Systick.Mode=SysTick
VP_SYS_VS_Systick.Signal=SYS_VS_Systick
board=custom
isbadioc=false
